{
  "name": "equipilates-europa",
  "version": "2.0.0",
  "lockfileVersion": 3,
  "requires": true,
  "packages": {
    "": {
      "name": "equipilates-europa",
      "version": "2.0.0",
      "dependencies": {
        "@vercel/edge": "^1.2.2"
      }
    },
    "node_modules/@vercel/edge": {
      "version": "1.2.2",
      "resolved": "https://registry.npmjs.org/@vercel/edge/-/edge-1.2.2.tgz",
      "integrity": "sha512-1+y+f6rk0Yc9ss9bRDgz/gdpLimwoRteKHhrcgHvEpjbP1nyT3ByqEMWm2BTcpIO5UtDmIFXc8zdq4LR190PDA==",
      "license": "Apache-2.0"
    }
  }
}
